
Microsoft Visual Studio Solution File, Format Version 12.00
# Visual Studio Version 17
VisualStudioVersion = 17.3.32929.385
MinimumVisualStudioVersion = 10.0.40219.1
Project("{FAE04EC0-301F-11D3-BF4B-00C04F79EFBC}") = "RetailItemEntry", "RetailItemEntry\RetailItemEntry.csproj", "{998F8CAA-2282-4819-9ED5-2923B81F895C}"
EndProject
Global
	GlobalSection(SolutionConfigurationPlatforms) = preSolution
		Debug|Any CPU = Debug|Any CPU
		Release|Any CPU = Release|Any CPU
	EndGlobalSection
	GlobalSection(ProjectConfigurationPlatforms) = postSolution
		{998F8CAA-2282-4819-9ED5-2923B81F895C}.Debug|Any CPU.ActiveCfg = Debug|Any CPU
		{998F8CAA-2282-4819-9ED5-2923B81F895C}.Debug|Any CPU.Build.0 = Debug|Any CPU
		{998F8CAA-2282-4819-9ED5-2923B81F895C}.Release|Any CPU.ActiveCfg = Release|Any CPU
		{998F8CAA-2282-4819-9ED5-2923B81F895C}.Release|Any CPU.Build.0 = Release|Any CPU
	EndGlobalSection
	GlobalSection(SolutionProperties) = preSolution
		HideSolutionNode = FALSE
	EndGlobalSection
	GlobalSection(ExtensibilityGlobals) = postSolution
		SolutionGuid = {AFD8D193-56BA-41A6-8544-7CE3A8357F8D}
	EndGlobalSection
EndGlobal
